
Microsoft Visual Studio Solution File, Format Version 12.00
# Visual Studio Version 17
VisualStudioVersion = 17.7.34003.232
MinimumVisualStudioVersion = 10.0.40219.1
Project("{888888A0-9F3D-457C-B088-3A5042F75D52}") = "ClimateControl", "ClimateControl.pyproj", "{59B59690-B4FD-46B4-9B92-0858C31239F6}"
EndProject
Global
	GlobalSection(SolutionConfigurationPlatforms) = preSolution
		Debug|Any CPU = Debug|Any CPU
		Release|Any CPU = Release|Any CPU
	EndGlobalSection
	GlobalSection(ProjectConfigurationPlatforms) = postSolution
		{59B59690-B4FD-46B4-9B92-0858C31239F6}.Debug|Any CPU.ActiveCfg = Debug|Any CPU
		{59B59690-B4FD-46B4-9B92-0858C31239F6}.Release|Any CPU.ActiveCfg = Release|Any CPU
	EndGlobalSection
	GlobalSection(SolutionProperties) = preSolution
		HideSolutionNode = FALSE
	EndGlobalSection
	GlobalSection(ExtensibilityGlobals) = postSolution
		SolutionGuid = {3003E583-0B95-4C38-8938-E788BDCC2C8F}
	EndGlobalSection
EndGlobal
